
Microsoft Visual Studio Solution File, Format Version 12.00
# Visual Studio Version 16
VisualStudioVersion = 16.0.30413.136
MinimumVisualStudioVersion = 10.0.40219.1
Project("{9A19103F-16F7-4668-BE54-9A1E7A4F7556}") = "ContainerPlay", "ContainerPlay\ContainerPlay.csproj", "{317E8BC2-1740-40F0-888C-788FE6A37F7D}"
EndProject
Global
	GlobalSection(SolutionConfigurationPlatforms) = preSolution
		Debug|Any CPU = Debug|Any CPU
		Release|Any CPU = Release|Any CPU
	EndGlobalSection
	GlobalSection(ProjectConfigurationPlatforms) = postSolution
		{317E8BC2-1740-40F0-888C-788FE6A37F7D}.Debug|Any CPU.ActiveCfg = Debug|Any CPU
		{317E8BC2-1740-40F0-888C-788FE6A37F7D}.Debug|Any CPU.Build.0 = Debug|Any CPU
		{317E8BC2-1740-40F0-888C-788FE6A37F7D}.Release|Any CPU.ActiveCfg = Release|Any CPU
		{317E8BC2-1740-40F0-888C-788FE6A37F7D}.Release|Any CPU.Build.0 = Release|Any CPU
	EndGlobalSection
	GlobalSection(SolutionProperties) = preSolution
		HideSolutionNode = FALSE
	EndGlobalSection
	GlobalSection(ExtensibilityGlobals) = postSolution
		SolutionGuid = {159BAF7B-EE0B-45FD-A883-FBF0FCB93A69}
	EndGlobalSection
EndGlobal
